
Microsoft Visual Studio Solution File, Format Version 12.00
# Visual Studio Version 17
VisualStudioVersion = 17.7.34031.279
MinimumVisualStudioVersion = 10.0.40219.1
Project("{FAE04EC0-301F-11D3-BF4B-00C04F79EFBC}") = "Z3.1", "Z3.1\Z3.1.csproj", "{F2BEDF9C-EFA0-41DB-B2D9-C183C15F12E4}"
EndProject
Global
	GlobalSection(SolutionConfigurationPlatforms) = preSolution
		Debug|Any CPU = Debug|Any CPU
		Release|Any CPU = Release|Any CPU
	EndGlobalSection
	GlobalSection(ProjectConfigurationPlatforms) = postSolution
		{F2BEDF9C-EFA0-41DB-B2D9-C183C15F12E4}.Debug|Any CPU.ActiveCfg = Debug|Any CPU
		{F2BEDF9C-EFA0-41DB-B2D9-C183C15F12E4}.Debug|Any CPU.Build.0 = Debug|Any CPU
		{F2BEDF9C-EFA0-41DB-B2D9-C183C15F12E4}.Release|Any CPU.ActiveCfg = Release|Any CPU
		{F2BEDF9C-EFA0-41DB-B2D9-C183C15F12E4}.Release|Any CPU.Build.0 = Release|Any CPU
	EndGlobalSection
	GlobalSection(SolutionProperties) = preSolution
		HideSolutionNode = FALSE
	EndGlobalSection
	GlobalSection(ExtensibilityGlobals) = postSolution
		SolutionGuid = {ECA4FD00-FD5C-4CA0-8023-71BE1DC68306}
	EndGlobalSection
EndGlobal
